PODS:
  - WilddogAuth (2.0.7):
    - WilddogCore
  - WilddogCore (2.0.10):
    - WilddogLogger
    - WilddogNetworking
  - WilddogLogger (3.0.10)
  - WilddogNetworking (3.1.2):
    - WilddogNetworking/Reachability (= 3.1.2)
    - WilddogNetworking/Serialization (= 3.1.2)
  - WilddogNetworking/Reachability (3.1.2)
  - WilddogNetworking/Serialization (3.1.2)
  - WilddogSync (2.3.5):
    - WilddogCore (~> 2.0.8)
    - WilddogWebSocket (~> 1.0.0)
  - WilddogVideo (1.1.1beta):
    - WilddogAuth (>= 2.0.2)
    - WilddogCore (>= 2.0.8)
    - WilddogSync (>= 2.3.0)
  - WilddogWebSocket (1.0.1)

DEPENDENCIES:
  - WilddogVideo (= 1.1.1beta)

SPEC CHECKSUMS:
  WilddogAuth: 79e4bbe52de7a78baa58ed97552652a2daa49274
  WilddogCore: 164948be67e032d1c4b8e0013c5bfe85c5ce6ccd
  WilddogLogger: 30649562048a6021a002e16fa439e1cc5896a8b3
  WilddogNetworking: 0e7f80b0839f376fa4d613c602b7c4f72634e761
  WilddogSync: 3a21c65dc8eccf4aa0c0effb3677eddb19d310b8
  WilddogVideo: d46bfa65f76709fc8afee458d489cf5785268a5a
  WilddogWebSocket: 0f1437b4d26cfcd3b85376cba55e03b202e0e1b4

PODFILE CHECKSUM: 3b52401ca0be1665a25d44f0762b2b0b2072fc57

COCOAPODS: 1.2.0
